// !$*UTF8*$!
{
	archiveVersion = 1;
	classes = {
	};
	objectVersion = 50;
	objects = {

/* Begin PBXBuildFile section */
		B37B4E182189C69700B4D462 /* AppDelegate.swift in Sources */ = {isa = PBXBuildFile; fileRef = B37B4E172189C69700B4D462 /* AppDelegate.swift */; };
		B37B4E1A2189C69700B4D462 /* ViewController.swift in Sources */ = {isa = PBXBuildFile; fileRef = B37B4E192189C69700B4D462 /* ViewController.swift */; };
		B37B4E1D2189C69700B4D462 /* Main.storyboard in Resources */ = {isa = PBXBuildFile; fileRef = B37B4E1B2189C69700B4D462 /* Main.storyboard */; };
		B37B4E1F2189C69A00B4D462 /* Assets.xcassets in Resources */ = {isa = PBXBuildFile; fileRef = B37B4E1E2189C69A00B4D462 /* Assets.xcassets */; };
		B37B4E222189C69A00B4D462 /* LaunchScreen.storyboard in Resources */ = {isa = PBXBuildFile; fileRef = B37B4E202189C69A00B4D462 /* LaunchScreen.storyboard */; };
		B37B4E2A2189C76800B4D462 /* TriangleGraphView.swift in Sources */ = {isa = PBXBuildFile; fileRef = B37B4E292189C76800B4D462 /* TriangleGraphView.swift */; };
/* End PBXBuildFile section */

/* Begin PBXFileReference section */
		B37B4E142189C69700B4D462 /* GraphTriangle.app */ = {isa = PBXFileReference; explicitFileType = wrapper.application; includeInIndex = 0; path = GraphTriangle.app; sourceTree = BUILT_PRODUCTS_DIR; };
		B37B4E172189C69700B4D462 /* AppDelegate.swift */ = {isa = PBXFileReference; lastKnownFileType = sourcecode.swift; path = AppDelegate.swift; sourceTree = "<group>"; };
		B37B4E192189C69700B4D462 /* ViewController.swift */ = {isa = PBXFileReference; lastKnownFileType = sourcecode.swift; path = ViewController.swift; sourceTree = "<group>"; };
		B37B4E1C2189C69700B4D462 /* Base */ = {isa = PBXFileReference; lastKnownFileType = file.storyboard; name = Base; path = Base.lproj/Main.storyboard; sourceTree = "<group>"; };
		B37B4E1E2189C69A00B4D462 /* Assets.xcassets */ = {isa = PBXFileReference; lastKnownFileType = folder.assetcatalog; path = Assets.xcassets; sourceTree = "<group>"; };
		B37B4E212189C69A00B4D462 /* Base */ = {isa = PBXFileReference; lastKnownFileType = file.storyboard; name = Base; path = Base.lproj/LaunchScreen.storyboard; sourceTree = "<group>"; };
		B37B4E232189C69A00B4D462 /* Info.plist */ = {isa = PBXFileReference; lastKnownFileType = text.plist.xml; path = Info.plist; sourceTree = "<group>"; };
		B37B4E292189C76800B4D462 /* TriangleGraphView.swift */ = {isa = PBXFileReference; lastKnownFileType = sourcecode.swift; path = TriangleGraphView.swift; sourceTree = "<group>"; };
/* End PBXFileReference section */

/* Begin PBXFrameworksBuildPhase section */
		B37B4E112189C69700B4D462 /* Frameworks */ = {
			isa = PBXFrameworksBuildPhase;
			buildActionMask = 2147483647;
			files = (
			);
			runOnlyForDeploymentPostprocessing = 0;
		};
/* End PBXFrameworksBuildPhase section */

/* Begin PBXGroup section */
		B37B4E0B2189C69700B4D462 = {
			isa = PBXGroup;
			children = (
				B37B4E162189C69700B4D462 /* GraphTriangle */,
				B37B4E152189C69700B4D462 /* Products */,
			);
			sourceTree = "<group>";
		};
		B37B4E152189C69700B4D462 /* Products */ = {
			isa = PBXGroup;
			children = (
				B37B4E142189C69700B4D462 /* GraphTriangle.app */,
			);
			name = Products;
			sourceTree = "<group>";
		};
		B37B4E162189C69700B4D462 /* GraphTriangle */ = {
			isa = PBXGroup;
			children = (
				B37B4E172189C69700B4D462 /* AppDelegate.swift */,
				B37B4E192189C69700B4D462 /* ViewController.swift */,
				B37B4E1B2189C69700B4D462 /* Main.storyboard */,
				B37B4E1E2189C69A00B4D462 /* Assets.xcassets */,
				B37B4E202189C69A00B4D462 /* LaunchScreen.storyboard */,
				B37B4E232189C69A00B4D462 /* Info.plist */,
				B37B4E292189C76800B4D462 /* TriangleGraphView.swift */,
			);
			path = GraphTriangle;
			sourceTree = "<group>";
		};
/* End PBXGroup section */

/* Begin PBXNativeTarget section */
		B37B4E132189C69700B4D462 /* GraphTriangle */ = {
			isa = PBXNativeTarget;
			buildConfigurationList = B37B4E262189C69A00B4D462 /* Build configuration list for PBXNativeTarget "GraphTriangle" */;
			buildPhases = (
				B37B4E102189C69700B4D462 /* Sources */,
				B37B4E112189C69700B4D462 /* Frameworks */,
				B37B4E122189C69700B4D462 /* Resources */,
			);
			buildRules = (
			);
			dependencies = (
			);
			name = GraphTriangle;
			productName = GraphTriangle;
			productReference = B37B4E142189C69700B4D462 /* GraphTriangle.app */;
			productType = "com.apple.product-type.application";
		};
/* End PBXNativeTarget section */

/* Begin PBXProject section */
		B37B4E0C2189C69700B4D462 /* Project object */ = {
			isa = PBXProject;
			attributes = {
				LastSwiftUpdateCheck = 1000;
				LastUpgradeCheck = 1000;
				ORGANIZATIONNAME = "고상범";
				TargetAttributes = {
					B37B4E132189C69700B4D462 = {
						CreatedOnToolsVersion = 10.0;
					};
				};
			};
			buildConfigurationList = B37B4E0F2189C69700B4D462 /* Build configuration list for PBXProject "GraphTriangle" */;
			compatibilityVersion = "Xcode 9.3";
			developmentRegion = en;
			hasScannedForEncodings = 0;
			knownRegions = (
				en,
				Base,
			);
			mainGroup = B37B4E0B2189C69700B4D462;
			productRefGroup = B37B4E152189C69700B4D462 /* Products */;
			projectDirPath = "";
			projectRoot = "";
			targets = (
				B37B4E132189C69700B4D462 /* GraphTriangle */,
			);
		};
/* End PBXProject section */

/* Begin PBXResourcesBuildPhase section */
		B37B4E122189C69700B4D462 /* Resources */ = {
			isa = PBXResourcesBuildPhase;
			buildActionMask = 2147483647;
			files = (
				B37B4E222189C69A00B4D462 /* LaunchScreen.storyboard in Resources */,
				B37B4E1F2189C69A00B4D462 /* Assets.xcassets in Resources */,
				B37B4E1D2189C69700B4D462 /* Main.storyboard in Resources */,
			);
			runOnlyForDeploymentPostprocessing = 0;
		};
/* End PBXResourcesBuildPhase section */

/* Begin PBXSourcesBuildPhase section */
		B37B4E102189C69700B4D462 /* Sources */ = {
			isa = PBXSourcesBuildPhase;
			buildActionMask = 2147483647;
			files = (
				B37B4E1A2189C69700B4D462 /* ViewController.swift in Sources */,
				B37B4E182189C69700B4D462 /* AppDelegate.swift in Sources */,
				B37B4E2A2189C76800B4D462 /* TriangleGraphView.swift in Sources */,
			);
			runOnlyForDeploymentPostprocessing = 0;
		};
/* End PBXSourcesBuildPhase section */

/* Begin PBXVariantGroup section */
		B37B4E1B2189C69700B4D462 /* Main.storyboard */ = {
			isa = PBXVariantGroup;
			children = (
				B37B4E1C2189C69700B4D462 /* Base */,
			);
			name = Main.storyboard;
			sourceTree = "<group>";
		};
		B37B4E202189C69A00B4D462 /* LaunchScreen.storyboard */ = {
			isa = PBXVariantGroup;
			children = (
				B37B4E212189C69A00B4D462 /* Base */,
			);
			name = LaunchScreen.storyboard;
			sourceTree = "<group>";
		};
/* End PBXVariantGroup section */

/* Begin XCBuildConfiguration section */
		B37B4E242189C69A00B4D462 /* Debug */ = {
			isa = XCBuildConfiguration;
			buildSettings = {
				ALWAYS_SEARCH_USER_PATHS = NO;
				CLANG_ANALYZER_NONNULL = YES;
				CLANG_ANALYZER_NUMBER_OBJECT_CONVERSION = YES_AGGRESSIVE;
				CLANG_CXX_LANGUAGE_STANDARD = "gnu++14";
				CLANG_CXX_LIBRARY = "libc++";
				CLANG_ENABLE_MODULES = YES;
				CLANG_ENABLE_OBJC_ARC = YES;
				CLANG_ENABLE_OBJC_WEAK = YES;
				CLANG_WARN_BLOCK_CAPTURE_AUTORELEASING = YES;
				CLANG_WARN_BOOL_CONVERSION = YES;
				CLANG_WARN_COMMA = YES;
				CLANG_WARN_CONSTANT_CONVERSION = YES;
				CLANG_WARN_DEPRECATED_OBJC_IMPLEMENTATIONS = YES;
				CLANG_WARN_DIRECT_OBJC_ISA_USAGE = YES_ERROR;
				CLANG_WARN_DOCUMENTATION_COMMENTS = YES;
				CLANG_WARN_EMPTY_BODY = YES;
				CLANG_WARN_ENUM_CONVERSION = YES;
				CLANG_WARN_INFINITE_RECURSION = YES;
				CLANG_WARN_INT_CONVERSION = YES;
				CLANG_WARN_NON_LITERAL_NULL_CONVERSION = YES;
				CLANG_WARN_OBJC_IMPLICIT_RETAIN_SELF = YES;
				CLANG_WARN_OBJC_LITERAL_CONVERSION = YES;
				CLANG_WARN_OBJC_ROOT_CLASS = YES_ERROR;
				CLANG_WARN_RANGE_LOOP_ANALYSIS = YES;
				CLANG_WARN_STRICT_PROTOTYPES = YES;
				CLANG_WARN_SUSPICIOUS_MOVE = YES;
				CLANG_WARN_UNGUARDED_AVAILABILITY = YES_AGGRESSIVE;
				CLANG_WARN_UNREACHABLE_CODE = YES;
				CLANG_WARN__DUPLICATE_METHOD_MATCH = YES;
				CODE_SIGN_IDENTITY = "iPhone Developer";
				COPY_PHASE_STRIP = NO;
				DEBUG_INFORMATION_FORMAT = dwarf;
				ENABLE_STRICT_OBJC_MSGSEND = YES;
				ENABLE_TESTABILITY = YES;
				GCC_C_LANGUAGE_STANDARD = gnu11;
				GCC_DYNAMIC_NO_PIC = NO;
				GCC_NO_COMMON_BLOCKS = YES;
				GCC_OPTIMIZATION_LEVEL = 0;
				GCC_PREPROCESSOR_DEFINITIONS = (
					"DEBUG=1",
					"$(inherited)",
				);
				GCC_WARN_64_TO_32_BIT_CONVERSION = YES;
				GCC_WARN_ABOUT_RETURN_TYPE = YES_ERROR;
				GCC_WARN_UNDECLARED_SELECTOR = YES;
				GCC_WARN_UNINITIALIZED_AUTOS = YES_AGGRESSIVE;
				GCC_WARN_UNUSED_FUNCTION = YES;
				GCC_WARN_UNUSED_VARIABLE = YES;
				IPHONEOS_DEPLOYMENT_TARGET = 12.0;
				MTL_ENABLE_DEBUG_INFO = INCLUDE_SOURCE;
				MTL_FAST_MATH = YES;
				ONLY_ACTIVE_ARCH = YES;
				SDKROOT = iphoneos;
				SWIFT_ACTIVE_COMPILATION_CONDITIONS = DEBUG;
				SWIFT_OPTIMIZATION_LEVEL = "-Onone";
			};
			name = Debug;
		};
		B37B4E252189C69A00B4D462 /* Release */ = {
			isa = XCBuildConfiguration;
			buildSettings = {
				ALWAYS_SEARCH_USER_PATHS = NO;
				CLANG_ANALYZER_NONNULL = YES;
				CLANG_ANALYZER_NUMBER_OBJECT_CONVERSION = YES_AGGRESSIVE;
				CLANG_CXX_LANGUAGE_STANDARD = "gnu++14";
				CLANG_CXX_LIBRARY = "libc++";
				CLANG_ENABLE_MODULES = YES;
				CLANG_ENABLE_OBJC_ARC = YES;
				CLANG_ENABLE_OBJC_WEAK = YES;
				CLANG_WARN_BLOCK_CAPTURE_AUTORELEASING = YES;
				CLANG_WARN_BOOL_CONVERSION = YES;
				CLANG_WARN_COMMA = YES;
				CLANG_WARN_CONSTANT_CONVERSION = YES;
				CLANG_WARN_DEPRECATED_OBJC_IMPLEMENTATIONS = YES;
				CLANG_WARN_DIRECT_OBJC_ISA_USAGE = YES_ERROR;
				CLANG_WARN_DOCUMENTATION_COMMENTS = YES;
				CLANG_WARN_EMPTY_BODY = YES;
				CLANG_WARN_ENUM_CONVERSION = YES;
				CLANG_WARN_INFINITE_RECURSION = YES;
				CLANG_WARN_INT_CONVERSION = YES;
				CLANG_WARN_NON_LITERAL_NULL_CONVERSION = YES;
				CLANG_WARN_OBJC_IMPLICIT_RETAIN_SELF = YES;
				CLANG_WARN_OBJC_LITERAL_CONVERSION = YES;
				CLANG_WARN_OBJC_ROOT_CLASS = YES_ERROR;
				CLANG_WARN_RANGE_LOOP_ANALYSIS = YES;
				CLANG_WARN_STRICT_PROTOTYPES = YES;
				CLANG_WARN_SUSPICIOUS_MOVE = YES;
				CLANG_WARN_UNGUARDED_AVAILABILITY = YES_AGGRESSIVE;
				CLANG_WARN_UNREACHABLE_CODE = YES;
				CLANG_WARN__DUPLICATE_METHOD_MATCH = YES;
				CODE_SIGN_IDENTITY = "iPhone Developer";
				COPY_PHASE_STRIP = NO;
				DEBUG_INFORMATION_FORMAT = "dwarf-with-dsym";
				ENABLE_NS_ASSERTIONS = NO;
				ENABLE_STRICT_OBJC_MSGSEND = YES;
				GCC_C_LANGUAGE_STANDARD = gnu11;
				GCC_NO_COMMON_BLOCKS = YES;
				GCC_WARN_64_TO_32_BIT_CONVERSION = YES;
				GCC_WARN_ABOUT_RETURN_TYPE = YES_ERROR;
				GCC_WARN_UNDECLARED_SELECTOR = YES;
				GCC_WARN_UNINITIALIZED_AUTOS = YES_AGGRESSIVE;
				GCC_WARN_UNUSED_FUNCTION = YES;
				GCC_WARN_UNUSED_VARIABLE = YES;
				IPHONEOS_DEPLOYMENT_TARGET = 12.0;
				MTL_ENABLE_DEBUG_INFO = NO;
				MTL_FAST_MATH = YES;
				SDKROOT = iphoneos;
				SWIFT_COMPILATION_MODE = wholemodule;
				SWIFT_OPTIMIZATION_LEVEL = "-O";
				VALIDATE_PRODUCT = YES;
			};
			name = Release;
		};
		B37B4E272189C69A00B4D462 /* Debug */ = {
			isa = XCBuildConfiguration;
			buildSettings = {
				ASSETCATALOG_COMPILER_APPICON_NAME = AppIcon;
				CODE_SIGN_STYLE = Automatic;
				DEVELOPMENT_TEAM = CMXKRM464P;
				INFOPLIST_FILE = GraphTriangle/Info.plist;
				LD_RUNPATH_SEARCH_PATHS = (
					"$(inherited)",
					"@executable_path/Frameworks",
				);
				PRODUCT_BUNDLE_IDENTIFIER = bumslap.GraphTriangle;
				PRODUCT_NAME = "$(TARGET_NAME)";
				SWIFT_VERSION = 4.2;
				TARGETED_DEVICE_FAMILY = "1,2";
			};
			name = Debug;
		};
		B37B4E282189C69A00B4D462 /* Release */ = {
			isa = XCBuildConfiguration;
			buildSettings = {
				ASSETCATALOG_COMPILER_APPICON_NAME = AppIcon;
				CODE_SIGN_STYLE = Automatic;
				DEVELOPMENT_TEAM = CMXKRM464P;
				INFOPLIST_FILE = GraphTriangle/Info.plist;
				LD_RUNPATH_SEARCH_PATHS = (
					"$(inherited)",
					"@executable_path/Frameworks",
				);
				PRODUCT_BUNDLE_IDENTIFIER = bumslap.GraphTriangle;
				PRODUCT_NAME = "$(TARGET_NAME)";
				SWIFT_VERSION = 4.2;
				TARGETED_DEVICE_FAMILY = "1,2";
			};
			name = Release;
		};
/* End XCBuildConfiguration section */

/* Begin XCConfigurationList section */
		B37B4E0F2189C69700B4D462 /* Build configuration list for PBXProject "GraphTriangle" */ = {
			isa = XCConfigurationList;
			buildConfigurations = (
				B37B4E242189C69A00B4D462 /* Debug */,
				B37B4E252189C69A00B4D462 /* Release */,
			);
			defaultConfigurationIsVisible = 0;
			defaultConfigurationName = Release;
		};
		B37B4E262189C69A00B4D462 /* Build configuration list for PBXNativeTarget "GraphTriangle" */ = {
			isa = XCConfigurationList;
			buildConfigurations = (
				B37B4E272189C69A00B4D462 /* Debug */,
				B37B4E282189C69A00B4D462 /* Release */,
			);
			defaultConfigurationIsVisible = 0;
			defaultConfigurationName = Release;
		};
/* End XCConfigurationList section */
	};
	rootObject = B37B4E0C2189C69700B4D462 /* Project object */;
}
